
Microsoft Visual Studio Solution File, Format Version 12.00
# Visual Studio 15
Project("{FAE04EC0-301F-11D3-BF4B-00C04F79EFBC}") = "SensorGateway", "SensorGateway.csproj", "{74B74E6A-2619-4FE4-8EAD-BAC74F35A3E7}"
EndProject
Global
	GlobalSection(SolutionConfigurationPlatforms) = preSolution
		Debug|Any CPU = Debug|Any CPU
		Release|Any CPU = Release|Any CPU
	EndGlobalSection
	GlobalSection(ProjectConfigurationPlatforms) = postSolution
		{74B74E6A-2619-4FE4-8EAD-BAC74F35A3E7}.Debug|Any CPU.ActiveCfg = Debug|Any CPU
		{74B74E6A-2619-4FE4-8EAD-BAC74F35A3E7}.Debug|Any CPU.Build.0 = Debug|Any CPU
		{74B74E6A-2619-4FE4-8EAD-BAC74F35A3E7}.Release|Any CPU.ActiveCfg = Release|Any CPU
		{74B74E6A-2619-4FE4-8EAD-BAC74F35A3E7}.Release|Any CPU.Build.0 = Release|Any CPU
	EndGlobalSection
EndGlobal
